
Microsoft Visual Studio Solution File, Format Version 12.00
# Visual Studio Version 17
VisualStudioVersion = 17.9.34616.47
MinimumVisualStudioVersion = 10.0.40219.1
Project("{FAE04EC0-301F-11D3-BF4B-00C04F79EFBC}") = "ConsoleApp1", "ConsoleApp1\ConsoleApp1.csproj", "{AD76A4FC-9C32-440C-81F4-063A4F3A1974}"
EndProject
Global
	GlobalSection(SolutionConfigurationPlatforms) = preSolution
		Debug|Any CPU = Debug|Any CPU
		Release|Any CPU = Release|Any CPU
	EndGlobalSection
	GlobalSection(ProjectConfigurationPlatforms) = postSolution
		{AD76A4FC-9C32-440C-81F4-063A4F3A1974}.Debug|Any CPU.ActiveCfg = Debug|Any CPU
		{AD76A4FC-9C32-440C-81F4-063A4F3A1974}.Debug|Any CPU.Build.0 = Debug|Any CPU
		{AD76A4FC-9C32-440C-81F4-063A4F3A1974}.Release|Any CPU.ActiveCfg = Release|Any CPU
		{AD76A4FC-9C32-440C-81F4-063A4F3A1974}.Release|Any CPU.Build.0 = Release|Any CPU
	EndGlobalSection
	GlobalSection(SolutionProperties) = preSolution
		HideSolutionNode = FALSE
	EndGlobalSection
	GlobalSection(ExtensibilityGlobals) = postSolution
		SolutionGuid = {20E761B3-34EB-40A7-8D36-AE928FE5F053}
	EndGlobalSection
EndGlobal
